
Microsoft Visual Studio Solution File, Format Version 12.00
# Visual Studio Version 17
VisualStudioVersion = 17.14.36518.9 d17.14
MinimumVisualStudioVersion = 10.0.40219.1
Project("{FAE04EC0-301F-11D3-BF4B-00C04F79EFBC}") = "Games Launcher", "Games Launcher.csproj", "{AE600A2F-9304-4F4E-A1F9-0371FE80E285}"
EndProject
Global
	GlobalSection(SolutionConfigurationPlatforms) = preSolution
		Debug|Any CPU = Debug|Any CPU
		Release|Any CPU = Release|Any CPU
	EndGlobalSection
	GlobalSection(ProjectConfigurationPlatforms) = postSolution
		{AE600A2F-9304-4F4E-A1F9-0371FE80E285}.Debug|Any CPU.ActiveCfg = Debug|Any CPU
		{AE600A2F-9304-4F4E-A1F9-0371FE80E285}.Debug|Any CPU.Build.0 = Debug|Any CPU
		{AE600A2F-9304-4F4E-A1F9-0371FE80E285}.Release|Any CPU.ActiveCfg = Release|Any CPU
		{AE600A2F-9304-4F4E-A1F9-0371FE80E285}.Release|Any CPU.Build.0 = Release|Any CPU
	EndGlobalSection
	GlobalSection(SolutionProperties) = preSolution
		HideSolutionNode = FALSE
	EndGlobalSection
	GlobalSection(ExtensibilityGlobals) = postSolution
		SolutionGuid = {5B0062AB-5D67-4D24-812C-764D3617A82C}
	EndGlobalSection
EndGlobal
